// !$*UTF8*$!
{
	archiveVersion = 1;
	classes = {
	};
	objectVersion = 50;
	objects = {

/* Begin PBXBuildFile section */
		AF8BCF1E232FDAE100A6A687 /* AppDelegate.swift in Sources */ = {isa = PBXBuildFile; fileRef = AF8BCF1D232FDAE100A6A687 /* AppDelegate.swift */; };
		AF8BCF20232FDAE100A6A687 /* ViewController.swift in Sources */ = {isa = PBXBuildFile; fileRef = AF8BCF1F232FDAE100A6A687 /* ViewController.swift */; };
		AF8BCF25232FDAE100A6A687 /* Assets.xcassets in Resources */ = {isa = PBXBuildFile; fileRef = AF8BCF24232FDAE100A6A687 /* Assets.xcassets */; };
		AF8BCF28232FDAE100A6A687 /* LaunchScreen.storyboard in Resources */ = {isa = PBXBuildFile; fileRef = AF8BCF26232FDAE100A6A687 /* LaunchScreen.storyboard */; };
		AF8BCF30232FDB1600A6A687 /* Main.storyboard in Resources */ = {isa = PBXBuildFile; fileRef = AF8BCF2F232FDB1600A6A687 /* Main.storyboard */; };
		AF8BCF32232FDC8C00A6A687 /* ListViewController.swift in Sources */ = {isa = PBXBuildFile; fileRef = AF8BCF31232FDC8C00A6A687 /* ListViewController.swift */; };
		AF8BCF34232FF8D400A6A687 /* UserInfo.plist in Resources */ = {isa = PBXBuildFile; fileRef = AF8BCF33232FF8D400A6A687 /* UserInfo.plist */; };
/* End PBXBuildFile section */

/* Begin PBXFileReference section */
		AF8BCF1A232FDAE100A6A687 /* CustomPlist.app */ = {isa = PBXFileReference; explicitFileType = wrapper.application; includeInIndex = 0; path = CustomPlist.app; sourceTree = BUILT_PRODUCTS_DIR; };
		AF8BCF1D232FDAE100A6A687 /* AppDelegate.swift */ = {isa = PBXFileReference; lastKnownFileType = sourcecode.swift; path = AppDelegate.swift; sourceTree = "<group>"; };
		AF8BCF1F232FDAE100A6A687 /* ViewController.swift */ = {isa = PBXFileReference; lastKnownFileType = sourcecode.swift; path = ViewController.swift; sourceTree = "<group>"; };
		AF8BCF24232FDAE100A6A687 /* Assets.xcassets */ = {isa = PBXFileReference; lastKnownFileType = folder.assetcatalog; path = Assets.xcassets; sourceTree = "<group>"; };
		AF8BCF27232FDAE100A6A687 /* Base */ = {isa = PBXFileReference; lastKnownFileType = file.storyboard; name = Base; path = Base.lproj/LaunchScreen.storyboard; sourceTree = "<group>"; };
		AF8BCF29232FDAE100A6A687 /* Info.plist */ = {isa = PBXFileReference; lastKnownFileType = text.plist.xml; path = Info.plist; sourceTree = "<group>"; };
		AF8BCF2F232FDB1600A6A687 /* Main.storyboard */ = {isa = PBXFileReference; fileEncoding = 4; lastKnownFileType = file.storyboard; path = Main.storyboard; sourceTree = "<group>"; };
		AF8BCF31232FDC8C00A6A687 /* ListViewController.swift */ = {isa = PBXFileReference; lastKnownFileType = sourcecode.swift; path = ListViewController.swift; sourceTree = "<group>"; };
		AF8BCF33232FF8D400A6A687 /* UserInfo.plist */ = {isa = PBXFileReference; lastKnownFileType = text.plist.xml; path = UserInfo.plist; sourceTree = "<group>"; };
/* End PBXFileReference section */

/* Begin PBXFrameworksBuildPhase section */
		AF8BCF17232FDAE100A6A687 /* Frameworks */ = {
			isa = PBXFrameworksBuildPhase;
			buildActionMask = 2147483647;
			files = (
			);
			runOnlyForDeploymentPostprocessing = 0;
		};
/* End PBXFrameworksBuildPhase section */

/* Begin PBXGroup section */
		AF8BCF11232FDAE100A6A687 = {
			isa = PBXGroup;
			children = (
				AF8BCF1C232FDAE100A6A687 /* CustomPlist */,
				AF8BCF1B232FDAE100A6A687 /* Products */,
			);
			sourceTree = "<group>";
		};
		AF8BCF1B232FDAE100A6A687 /* Products */ = {
			isa = PBXGroup;
			children = (
				AF8BCF1A232FDAE100A6A687 /* CustomPlist.app */,
			);
			name = Products;
			sourceTree = "<group>";
		};
		AF8BCF1C232FDAE100A6A687 /* CustomPlist */ = {
			isa = PBXGroup;
			children = (
				AF8BCF2F232FDB1600A6A687 /* Main.storyboard */,
				AF8BCF31232FDC8C00A6A687 /* ListViewController.swift */,
				AF8BCF33232FF8D400A6A687 /* UserInfo.plist */,
				AF8BCF1D232FDAE100A6A687 /* AppDelegate.swift */,
				AF8BCF1F232FDAE100A6A687 /* ViewController.swift */,
				AF8BCF24232FDAE100A6A687 /* Assets.xcassets */,
				AF8BCF26232FDAE100A6A687 /* LaunchScreen.storyboard */,
				AF8BCF29232FDAE100A6A687 /* Info.plist */,
			);
			path = CustomPlist;
			sourceTree = "<group>";
		};
/* End PBXGroup section */

/* Begin PBXNativeTarget section */
		AF8BCF19232FDAE100A6A687 /* CustomPlist */ = {
			isa = PBXNativeTarget;
			buildConfigurationList = AF8BCF2C232FDAE100A6A687 /* Build configuration list for PBXNativeTarget "CustomPlist" */;
			buildPhases = (
				AF8BCF16232FDAE100A6A687 /* Sources */,
				AF8BCF17232FDAE100A6A687 /* Frameworks */,
				AF8BCF18232FDAE100A6A687 /* Resources */,
			);
			buildRules = (
			);
			dependencies = (
			);
			name = CustomPlist;
			productName = CustomPlist;
			productReference = AF8BCF1A232FDAE100A6A687 /* CustomPlist.app */;
			productType = "com.apple.product-type.application";
		};
/* End PBXNativeTarget section */

/* Begin PBXProject section */
		AF8BCF12232FDAE100A6A687 /* Project object */ = {
			isa = PBXProject;
			attributes = {
				LastSwiftUpdateCheck = 1030;
				LastUpgradeCheck = 1030;
				ORGANIZATIONNAME = comso;
				TargetAttributes = {
					AF8BCF19232FDAE100A6A687 = {
						CreatedOnToolsVersion = 10.3;
					};
				};
			};
			buildConfigurationList = AF8BCF15232FDAE100A6A687 /* Build configuration list for PBXProject "CustomPlist" */;
			compatibilityVersion = "Xcode 9.3";
			developmentRegion = en;
			hasScannedForEncodings = 0;
			knownRegions = (
				en,
				Base,
			);
			mainGroup = AF8BCF11232FDAE100A6A687;
			productRefGroup = AF8BCF1B232FDAE100A6A687 /* Products */;
			projectDirPath = "";
			projectRoot = "";
			targets = (
				AF8BCF19232FDAE100A6A687 /* CustomPlist */,
			);
		};
/* End PBXProject section */

/* Begin PBXResourcesBuildPhase section */
		AF8BCF18232FDAE100A6A687 /* Resources */ = {
			isa = PBXResourcesBuildPhase;
			buildActionMask = 2147483647;
			files = (
				AF8BCF28232FDAE100A6A687 /* LaunchScreen.storyboard in Resources */,
				AF8BCF25232FDAE100A6A687 /* Assets.xcassets in Resources */,
				AF8BCF30232FDB1600A6A687 /* Main.storyboard in Resources */,
				AF8BCF34232FF8D400A6A687 /* UserInfo.plist in Resources */,
			);
			runOnlyForDeploymentPostprocessing = 0;
		};
/* End PBXResourcesBuildPhase section */

/* Begin PBXSourcesBuildPhase section */
		AF8BCF16232FDAE100A6A687 /* Sources */ = {
			isa = PBXSourcesBuildPhase;
			buildActionMask = 2147483647;
			files = (
				AF8BCF20232FDAE100A6A687 /* ViewController.swift in Sources */,
				AF8BCF1E232FDAE100A6A687 /* AppDelegate.swift in Sources */,
				AF8BCF32232FDC8C00A6A687 /* ListViewController.swift in Sources */,
			);
			runOnlyForDeploymentPostprocessing = 0;
		};
/* End PBXSourcesBuildPhase section */

/* Begin PBXVariantGroup section */
		AF8BCF26232FDAE100A6A687 /* LaunchScreen.storyboard */ = {
			isa = PBXVariantGroup;
			children = (
				AF8BCF27232FDAE100A6A687 /* Base */,
			);
			name = LaunchScreen.storyboard;
			sourceTree = "<group>";
		};
/* End PBXVariantGroup section */

/* Begin XCBuildConfiguration section */
		AF8BCF2A232FDAE100A6A687 /* Debug */ = {
			isa = XCBuildConfiguration;
			buildSettings = {
				ALWAYS_SEARCH_USER_PATHS = NO;
				CLANG_ANALYZER_NONNULL = YES;
				CLANG_ANALYZER_NUMBER_OBJECT_CONVERSION = YES_AGGRESSIVE;
				CLANG_CXX_LANGUAGE_STANDARD = "gnu++14";
				CLANG_CXX_LIBRARY = "libc++";
				CLANG_ENABLE_MODULES = YES;
				CLANG_ENABLE_OBJC_ARC = YES;
				CLANG_ENABLE_OBJC_WEAK = YES;
				CLANG_WARN_BLOCK_CAPTURE_AUTORELEASING = YES;
				CLANG_WARN_BOOL_CONVERSION = YES;
				CLANG_WARN_COMMA = YES;
				CLANG_WARN_CONSTANT_CONVERSION = YES;
				CLANG_WARN_DEPRECATED_OBJC_IMPLEMENTATIONS = YES;
				CLANG_WARN_DIRECT_OBJC_ISA_USAGE = YES_ERROR;
				CLANG_WARN_DOCUMENTATION_COMMENTS = YES;
				CLANG_WARN_EMPTY_BODY = YES;
				CLANG_WARN_ENUM_CONVERSION = YES;
				CLANG_WARN_INFINITE_RECURSION = YES;
				CLANG_WARN_INT_CONVERSION = YES;
				CLANG_WARN_NON_LITERAL_NULL_CONVERSION = YES;
				CLANG_WARN_OBJC_IMPLICIT_RETAIN_SELF = YES;
				CLANG_WARN_OBJC_LITERAL_CONVERSION = YES;
				CLANG_WARN_OBJC_ROOT_CLASS = YES_ERROR;
				CLANG_WARN_RANGE_LOOP_ANALYSIS = YES;
				CLANG_WARN_STRICT_PROTOTYPES = YES;
				CLANG_WARN_SUSPICIOUS_MOVE = YES;
				CLANG_WARN_UNGUARDED_AVAILABILITY = YES_AGGRESSIVE;
				CLANG_WARN_UNREACHABLE_CODE = YES;
				CLANG_WARN__DUPLICATE_METHOD_MATCH = YES;
				CODE_SIGN_IDENTITY = "iPhone Developer";
				COPY_PHASE_STRIP = NO;
				DEBUG_INFORMATION_FORMAT = dwarf;
				ENABLE_STRICT_OBJC_MSGSEND = YES;
				ENABLE_TESTABILITY = YES;
				GCC_C_LANGUAGE_STANDARD = gnu11;
				GCC_DYNAMIC_NO_PIC = NO;
				GCC_NO_COMMON_BLOCKS = YES;
				GCC_OPTIMIZATION_LEVEL = 0;
				GCC_PREPROCESSOR_DEFINITIONS = (
					"DEBUG=1",
					"$(inherited)",
				);
				GCC_WARN_64_TO_32_BIT_CONVERSION = YES;
				GCC_WARN_ABOUT_RETURN_TYPE = YES_ERROR;
				GCC_WARN_UNDECLARED_SELECTOR = YES;
				GCC_WARN_UNINITIALIZED_AUTOS = YES_AGGRESSIVE;
				GCC_WARN_UNUSED_FUNCTION = YES;
				GCC_WARN_UNUSED_VARIABLE = YES;
				IPHONEOS_DEPLOYMENT_TARGET = 12.4;
				MTL_ENABLE_DEBUG_INFO = INCLUDE_SOURCE;
				MTL_FAST_MATH = YES;
				ONLY_ACTIVE_ARCH = YES;
				SDKROOT = iphoneos;
				SWIFT_ACTIVE_COMPILATION_CONDITIONS = DEBUG;
				SWIFT_OPTIMIZATION_LEVEL = "-Onone";
			};
			name = Debug;
		};
		AF8BCF2B232FDAE100A6A687 /* Release */ = {
			isa = XCBuildConfiguration;
			buildSettings = {
				ALWAYS_SEARCH_USER_PATHS = NO;
				CLANG_ANALYZER_NONNULL = YES;
				CLANG_ANALYZER_NUMBER_OBJECT_CONVERSION = YES_AGGRESSIVE;
				CLANG_CXX_LANGUAGE_STANDARD = "gnu++14";
				CLANG_CXX_LIBRARY = "libc++";
				CLANG_ENABLE_MODULES = YES;
				CLANG_ENABLE_OBJC_ARC = YES;
				CLANG_ENABLE_OBJC_WEAK = YES;
				CLANG_WARN_BLOCK_CAPTURE_AUTORELEASING = YES;
				CLANG_WARN_BOOL_CONVERSION = YES;
				CLANG_WARN_COMMA = YES;
				CLANG_WARN_CONSTANT_CONVERSION = YES;
				CLANG_WARN_DEPRECATED_OBJC_IMPLEMENTATIONS = YES;
				CLANG_WARN_DIRECT_OBJC_ISA_USAGE = YES_ERROR;
				CLANG_WARN_DOCUMENTATION_COMMENTS = YES;
				CLANG_WARN_EMPTY_BODY = YES;
				CLANG_WARN_ENUM_CONVERSION = YES;
				CLANG_WARN_INFINITE_RECURSION = YES;
				CLANG_WARN_INT_CONVERSION = YES;
				CLANG_WARN_NON_LITERAL_NULL_CONVERSION = YES;
				CLANG_WARN_OBJC_IMPLICIT_RETAIN_SELF = YES;
				CLANG_WARN_OBJC_LITERAL_CONVERSION = YES;
				CLANG_WARN_OBJC_ROOT_CLASS = YES_ERROR;
				CLANG_WARN_RANGE_LOOP_ANALYSIS = YES;
				CLANG_WARN_STRICT_PROTOTYPES = YES;
				CLANG_WARN_SUSPICIOUS_MOVE = YES;
				CLANG_WARN_UNGUARDED_AVAILABILITY = YES_AGGRESSIVE;
				CLANG_WARN_UNREACHABLE_CODE = YES;
				CLANG_WARN__DUPLICATE_METHOD_MATCH = YES;
				CODE_SIGN_IDENTITY = "iPhone Developer";
				COPY_PHASE_STRIP = NO;
				DEBUG_INFORMATION_FORMAT = "dwarf-with-dsym";
				ENABLE_NS_ASSERTIONS = NO;
				ENABLE_STRICT_OBJC_MSGSEND = YES;
				GCC_C_LANGUAGE_STANDARD = gnu11;
				GCC_NO_COMMON_BLOCKS = YES;
				GCC_WARN_64_TO_32_BIT_CONVERSION = YES;
				GCC_WARN_ABOUT_RETURN_TYPE = YES_ERROR;
				GCC_WARN_UNDECLARED_SELECTOR = YES;
				GCC_WARN_UNINITIALIZED_AUTOS = YES_AGGRESSIVE;
				GCC_WARN_UNUSED_FUNCTION = YES;
				GCC_WARN_UNUSED_VARIABLE = YES;
				IPHONEOS_DEPLOYMENT_TARGET = 12.4;
				MTL_ENABLE_DEBUG_INFO = NO;
				MTL_FAST_MATH = YES;
				SDKROOT = iphoneos;
				SWIFT_COMPILATION_MODE = wholemodule;
				SWIFT_OPTIMIZATION_LEVEL = "-O";
				VALIDATE_PRODUCT = YES;
			};
			name = Release;
		};
		AF8BCF2D232FDAE100A6A687 /* Debug */ = {
			isa = XCBuildConfiguration;
			buildSettings = {
				ASSETCATALOG_COMPILER_APPICON_NAME = AppIcon;
				CODE_SIGN_STYLE = Automatic;
				INFOPLIST_FILE = CustomPlist/Info.plist;
				LD_RUNPATH_SEARCH_PATHS = (
					"$(inherited)",
					"@executable_path/Frameworks",
				);
				PRODUCT_BUNDLE_IDENTIFIER = kr.ac.induk.comso.CustomPlist;
				PRODUCT_NAME = "$(TARGET_NAME)";
				SWIFT_VERSION = 5.0;
				TARGETED_DEVICE_FAMILY = "1,2";
			};
			name = Debug;
		};
		AF8BCF2E232FDAE100A6A687 /* Release */ = {
			isa = XCBuildConfiguration;
			buildSettings = {
				ASSETCATALOG_COMPILER_APPICON_NAME = AppIcon;
				CODE_SIGN_STYLE = Automatic;
				INFOPLIST_FILE = CustomPlist/Info.plist;
				LD_RUNPATH_SEARCH_PATHS = (
					"$(inherited)",
					"@executable_path/Frameworks",
				);
				PRODUCT_BUNDLE_IDENTIFIER = kr.ac.induk.comso.CustomPlist;
				PRODUCT_NAME = "$(TARGET_NAME)";
				SWIFT_VERSION = 5.0;
				TARGETED_DEVICE_FAMILY = "1,2";
			};
			name = Release;
		};
/* End XCBuildConfiguration section */

/* Begin XCConfigurationList section */
		AF8BCF15232FDAE100A6A687 /* Build configuration list for PBXProject "CustomPlist" */ = {
			isa = XCConfigurationList;
			buildConfigurations = (
				AF8BCF2A232FDAE100A6A687 /* Debug */,
				AF8BCF2B232FDAE100A6A687 /* Release */,
			);
			defaultConfigurationIsVisible = 0;
			defaultConfigurationName = Release;
		};
		AF8BCF2C232FDAE100A6A687 /* Build configuration list for PBXNativeTarget "CustomPlist" */ = {
			isa = XCConfigurationList;
			buildConfigurations = (
				AF8BCF2D232FDAE100A6A687 /* Debug */,
				AF8BCF2E232FDAE100A6A687 /* Release */,
			);
			defaultConfigurationIsVisible = 0;
			defaultConfigurationName = Release;
		};
/* End XCConfigurationList section */
	};
	rootObject = AF8BCF12232FDAE100A6A687 /* Project object */;
}
